
Microsoft Visual Studio Solution File, Format Version 12.00
# Visual Studio 15
VisualStudioVersion = 15.0.26430.16
MinimumVisualStudioVersion = 15.0.26124.0
Project("{2150E333-8FDC-42A3-9474-1A3956D46DE8}") = "src", "src", "{D462C828-BC34-46C3-9ABF-8CFB660D0FD5}"
EndProject
Project("{FAE04EC0-301F-11D3-BF4B-00C04F79EFBC}") = "ViewIntent.Mvc", "ViewIntent.Mvc\ViewIntent.Mvc.csproj", "{0C6906AA-0F3C-4854-BCDE-0F40CA797402}"
EndProject
Project("{2150E333-8FDC-42A3-9474-1A3956D46DE8}") = "test", "test", "{6DBA4623-4665-4DFE-95D6-7C5649F4D9E9}"
EndProject
Project("{FAE04EC0-301F-11D3-BF4B-00C04F79EFBC}") = "Basic", "Basic\Basic.csproj", "{C0C30237-1ADC-4F6C-B673-B49EECFB65BB}"
EndProject
Global
	GlobalSection(SolutionConfigurationPlatforms) = preSolution
		Debug|Any CPU = Debug|Any CPU
		Debug|x64 = Debug|x64
		Debug|x86 = Debug|x86
		Release|Any CPU = Release|Any CPU
		Release|x64 = Release|x64
		Release|x86 = Release|x86
	EndGlobalSection
	GlobalSection(ProjectConfigurationPlatforms) = postSolution
		{0C6906AA-0F3C-4854-BCDE-0F40CA797402}.Debug|Any CPU.ActiveCfg = Debug|Any CPU
		{0C6906AA-0F3C-4854-BCDE-0F40CA797402}.Debug|Any CPU.Build.0 = Debug|Any CPU
		{0C6906AA-0F3C-4854-BCDE-0F40CA797402}.Debug|x64.ActiveCfg = Debug|Any CPU
		{0C6906AA-0F3C-4854-BCDE-0F40CA797402}.Debug|x64.Build.0 = Debug|Any CPU
		{0C6906AA-0F3C-4854-BCDE-0F40CA797402}.Debug|x86.ActiveCfg = Debug|Any CPU
		{0C6906AA-0F3C-4854-BCDE-0F40CA797402}.Debug|x86.Build.0 = Debug|Any CPU
		{0C6906AA-0F3C-4854-BCDE-0F40CA797402}.Release|Any CPU.ActiveCfg = Release|Any CPU
		{0C6906AA-0F3C-4854-BCDE-0F40CA797402}.Release|Any CPU.Build.0 = Release|Any CPU
		{0C6906AA-0F3C-4854-BCDE-0F40CA797402}.Release|x64.ActiveCfg = Release|Any CPU
		{0C6906AA-0F3C-4854-BCDE-0F40CA797402}.Release|x64.Build.0 = Release|Any CPU
		{0C6906AA-0F3C-4854-BCDE-0F40CA797402}.Release|x86.ActiveCfg = Release|Any CPU
		{0C6906AA-0F3C-4854-BCDE-0F40CA797402}.Release|x86.Build.0 = Release|Any CPU
		{C0C30237-1ADC-4F6C-B673-B49EECFB65BB}.Debug|Any CPU.ActiveCfg = Debug|Any CPU
		{C0C30237-1ADC-4F6C-B673-B49EECFB65BB}.Debug|Any CPU.Build.0 = Debug|Any CPU
		{C0C30237-1ADC-4F6C-B673-B49EECFB65BB}.Debug|x64.ActiveCfg = Debug|Any CPU
		{C0C30237-1ADC-4F6C-B673-B49EECFB65BB}.Debug|x64.Build.0 = Debug|Any CPU
		{C0C30237-1ADC-4F6C-B673-B49EECFB65BB}.Debug|x86.ActiveCfg = Debug|Any CPU
		{C0C30237-1ADC-4F6C-B673-B49EECFB65BB}.Debug|x86.Build.0 = Debug|Any CPU
		{C0C30237-1ADC-4F6C-B673-B49EECFB65BB}.Release|Any CPU.ActiveCfg = Release|Any CPU
		{C0C30237-1ADC-4F6C-B673-B49EECFB65BB}.Release|Any CPU.Build.0 = Release|Any CPU
		{C0C30237-1ADC-4F6C-B673-B49EECFB65BB}.Release|x64.ActiveCfg = Release|Any CPU
		{C0C30237-1ADC-4F6C-B673-B49EECFB65BB}.Release|x64.Build.0 = Release|Any CPU
		{C0C30237-1ADC-4F6C-B673-B49EECFB65BB}.Release|x86.ActiveCfg = Release|Any CPU
		{C0C30237-1ADC-4F6C-B673-B49EECFB65BB}.Release|x86.Build.0 = Release|Any CPU
	EndGlobalSection
	GlobalSection(SolutionProperties) = preSolution
		HideSolutionNode = FALSE
	EndGlobalSection
	GlobalSection(NestedProjects) = preSolution
		{0C6906AA-0F3C-4854-BCDE-0F40CA797402} = {D462C828-BC34-46C3-9ABF-8CFB660D0FD5}
		{C0C30237-1ADC-4F6C-B673-B49EECFB65BB} = {6DBA4623-4665-4DFE-95D6-7C5649F4D9E9}
	EndGlobalSection
EndGlobal
